// !$*UTF8*$!
{
	archiveVersion = 1;
	classes = {
	};
	objectVersion = 50;
	objects = {

/* Begin PBXBuildFile section */
		6CAE8F4922F3FEA400A166C0 /* AppDelegate.swift in Sources */ = {isa = PBXBuildFile; fileRef = 6CAE8F4822F3FEA400A166C0 /* AppDelegate.swift */; };
		6CAE8F5022F3FEA700A166C0 /* Assets.xcassets in Resources */ = {isa = PBXBuildFile; fileRef = 6CAE8F4F22F3FEA700A166C0 /* Assets.xcassets */; };
		6CAE8F5322F3FEA700A166C0 /* LaunchScreen.storyboard in Resources */ = {isa = PBXBuildFile; fileRef = 6CAE8F5122F3FEA700A166C0 /* LaunchScreen.storyboard */; };
		6CAE8F5C22F3FEFC00A166C0 /* RootVC.swift in Sources */ = {isa = PBXBuildFile; fileRef = 6CAE8F5A22F3FEFC00A166C0 /* RootVC.swift */; };
		6CAE8F5D22F3FEFC00A166C0 /* RootVC.xib in Resources */ = {isa = PBXBuildFile; fileRef = 6CAE8F5B22F3FEFC00A166C0 /* RootVC.xib */; };
		6CAE8F5F22F3FF1500A166C0 /* TokenInteractor.swift in Sources */ = {isa = PBXBuildFile; fileRef = 6CAE8F5E22F3FF1500A166C0 /* TokenInteractor.swift */; };
		6CAE8F6422F3FF6C00A166C0 /* AccessToken.swift in Sources */ = {isa = PBXBuildFile; fileRef = 6CAE8F6322F3FF6C00A166C0 /* AccessToken.swift */; };
		6CAE8F6722F404FF00A166C0 /* Endpoint.swift in Sources */ = {isa = PBXBuildFile; fileRef = 6CAE8F6622F404FF00A166C0 /* Endpoint.swift */; };
		6CAE8F6A22F406C400A166C0 /* AirportInteractor.swift in Sources */ = {isa = PBXBuildFile; fileRef = 6CAE8F6922F406C400A166C0 /* AirportInteractor.swift */; };
		6CAE8F6C22F4082F00A166C0 /* AirportResource.swift in Sources */ = {isa = PBXBuildFile; fileRef = 6CAE8F6B22F4082F00A166C0 /* AirportResource.swift */; };
		6CAE8F6E22F5102500A166C0 /* MenuTableViewCell.swift in Sources */ = {isa = PBXBuildFile; fileRef = 6CAE8F6D22F5102500A166C0 /* MenuTableViewCell.swift */; };
		6CAE8F7122F511C300A166C0 /* UIColor+Zeus.swift in Sources */ = {isa = PBXBuildFile; fileRef = 6CAE8F7022F511C300A166C0 /* UIColor+Zeus.swift */; };
		6CAE8F7422F5230300A166C0 /* SearchFlightVC.swift in Sources */ = {isa = PBXBuildFile; fileRef = 6CAE8F7222F5230300A166C0 /* SearchFlightVC.swift */; };
		6CAE8F7822F536AF00A166C0 /* FlightScheduleVC.swift in Sources */ = {isa = PBXBuildFile; fileRef = 6CAE8F7622F536AF00A166C0 /* FlightScheduleVC.swift */; };
		6CAE8F7B22F53AD500A166C0 /* SpinnerPresenter.swift in Sources */ = {isa = PBXBuildFile; fileRef = 6CAE8F7A22F53AD500A166C0 /* SpinnerPresenter.swift */; };
		6CAE8F8022F57DC200A166C0 /* Airports.json in Resources */ = {isa = PBXBuildFile; fileRef = 6CAE8F7F22F57DC200A166C0 /* Airports.json */; };
		6CAE8F8222F655FF00A166C0 /* LocalFileAirport.swift in Sources */ = {isa = PBXBuildFile; fileRef = 6CAE8F8122F655FF00A166C0 /* LocalFileAirport.swift */; };
		6CAE8F8422F7EC7F00A166C0 /* ScheduleInteractor.swift in Sources */ = {isa = PBXBuildFile; fileRef = 6CAE8F8322F7EC7F00A166C0 /* ScheduleInteractor.swift */; };
		6CAE8F8622F7ECF500A166C0 /* ScheduleResource.swift in Sources */ = {isa = PBXBuildFile; fileRef = 6CAE8F8522F7ECF500A166C0 /* ScheduleResource.swift */; };
		6CAE8F8E22F90C5A00A166C0 /* ErrorPresenter.swift in Sources */ = {isa = PBXBuildFile; fileRef = 6CAE8F8D22F90C5A00A166C0 /* ErrorPresenter.swift */; };
		6CAE8F9022F90C8900A166C0 /* ErrorDialog.swift in Sources */ = {isa = PBXBuildFile; fileRef = 6CAE8F8F22F90C8900A166C0 /* ErrorDialog.swift */; };
		6CAE8F9322F94A9700A166C0 /* MapVC.swift in Sources */ = {isa = PBXBuildFile; fileRef = 6CAE8F9122F94A9700A166C0 /* MapVC.swift */; };
		6CAE8FA122FB60AD00A166C0 /* AirportCell.swift in Sources */ = {isa = PBXBuildFile; fileRef = 6CAE8F9F22FB60AD00A166C0 /* AirportCell.swift */; };
		8AFEA87E7268F50B08E20666 /* Pods_Zeus.framework in Frameworks */ = {isa = PBXBuildFile; fileRef = 9F0420D4974B85C675E32EF2 /* Pods_Zeus.framework */; };
/* End PBXBuildFile section */

/* Begin PBXFileReference section */
		6CAE8F4522F3FEA400A166C0 /* Zeus.app */ = {isa = PBXFileReference; explicitFileType = wrapper.application; includeInIndex = 0; path = Zeus.app; sourceTree = BUILT_PRODUCTS_DIR; };
		6CAE8F4822F3FEA400A166C0 /* AppDelegate.swift */ = {isa = PBXFileReference; lastKnownFileType = sourcecode.swift; path = AppDelegate.swift; sourceTree = "<group>"; };
		6CAE8F4F22F3FEA700A166C0 /* Assets.xcassets */ = {isa = PBXFileReference; lastKnownFileType = folder.assetcatalog; path = Assets.xcassets; sourceTree = "<group>"; };
		6CAE8F5222F3FEA700A166C0 /* Base */ = {isa = PBXFileReference; lastKnownFileType = file.storyboard; name = Base; path = Base.lproj/LaunchScreen.storyboard; sourceTree = "<group>"; };
		6CAE8F5422F3FEA700A166C0 /* Info.plist */ = {isa = PBXFileReference; lastKnownFileType = text.plist.xml; path = Info.plist; sourceTree = "<group>"; };
		6CAE8F5A22F3FEFC00A166C0 /* RootVC.swift */ = {isa = PBXFileReference; lastKnownFileType = sourcecode.swift; path = RootVC.swift; sourceTree = "<group>"; };
		6CAE8F5B22F3FEFC00A166C0 /* RootVC.xib */ = {isa = PBXFileReference; lastKnownFileType = file.xib; path = RootVC.xib; sourceTree = "<group>"; };
		6CAE8F5E22F3FF1500A166C0 /* TokenInteractor.swift */ = {isa = PBXFileReference; lastKnownFileType = sourcecode.swift; path = TokenInteractor.swift; sourceTree = "<group>"; };
		6CAE8F6322F3FF6C00A166C0 /* AccessToken.swift */ = {isa = PBXFileReference; lastKnownFileType = sourcecode.swift; path = AccessToken.swift; sourceTree = "<group>"; };
		6CAE8F6622F404FF00A166C0 /* Endpoint.swift */ = {isa = PBXFileReference; lastKnownFileType = sourcecode.swift; path = Endpoint.swift; sourceTree = "<group>"; };
		6CAE8F6922F406C400A166C0 /* AirportInteractor.swift */ = {isa = PBXFileReference; lastKnownFileType = sourcecode.swift; path = AirportInteractor.swift; sourceTree = "<group>"; };
		6CAE8F6B22F4082F00A166C0 /* AirportResource.swift */ = {isa = PBXFileReference; lastKnownFileType = sourcecode.swift; path = AirportResource.swift; sourceTree = "<group>"; };
		6CAE8F6D22F5102500A166C0 /* MenuTableViewCell.swift */ = {isa = PBXFileReference; lastKnownFileType = sourcecode.swift; path = MenuTableViewCell.swift; sourceTree = "<group>"; };
		6CAE8F7022F511C300A166C0 /* UIColor+Zeus.swift */ = {isa = PBXFileReference; lastKnownFileType = sourcecode.swift; path = "UIColor+Zeus.swift"; sourceTree = "<group>"; };
		6CAE8F7222F5230300A166C0 /* SearchFlightVC.swift */ = {isa = PBXFileReference; lastKnownFileType = sourcecode.swift; path = SearchFlightVC.swift; sourceTree = "<group>"; };
		6CAE8F7622F536AF00A166C0 /* FlightScheduleVC.swift */ = {isa = PBXFileReference; lastKnownFileType = sourcecode.swift; path = FlightScheduleVC.swift; sourceTree = "<group>"; };
		6CAE8F7A22F53AD500A166C0 /* SpinnerPresenter.swift */ = {isa = PBXFileReference; lastKnownFileType = sourcecode.swift; path = SpinnerPresenter.swift; sourceTree = "<group>"; };
		6CAE8F7F22F57DC200A166C0 /* Airports.json */ = {isa = PBXFileReference; fileEncoding = 4; lastKnownFileType = text.json; path = Airports.json; sourceTree = "<group>"; };
		6CAE8F8122F655FF00A166C0 /* LocalFileAirport.swift */ = {isa = PBXFileReference; lastKnownFileType = sourcecode.swift; path = LocalFileAirport.swift; sourceTree = "<group>"; };
		6CAE8F8322F7EC7F00A166C0 /* ScheduleInteractor.swift */ = {isa = PBXFileReference; lastKnownFileType = sourcecode.swift; path = ScheduleInteractor.swift; sourceTree = "<group>"; };
		6CAE8F8522F7ECF500A166C0 /* ScheduleResource.swift */ = {isa = PBXFileReference; lastKnownFileType = sourcecode.swift; path = ScheduleResource.swift; sourceTree = "<group>"; };
		6CAE8F8D22F90C5A00A166C0 /* ErrorPresenter.swift */ = {isa = PBXFileReference; lastKnownFileType = sourcecode.swift; path = ErrorPresenter.swift; sourceTree = "<group>"; };
		6CAE8F8F22F90C8900A166C0 /* ErrorDialog.swift */ = {isa = PBXFileReference; lastKnownFileType = sourcecode.swift; path = ErrorDialog.swift; sourceTree = "<group>"; };
		6CAE8F9122F94A9700A166C0 /* MapVC.swift */ = {isa = PBXFileReference; lastKnownFileType = sourcecode.swift; path = MapVC.swift; sourceTree = "<group>"; };
		6CAE8F9F22FB60AD00A166C0 /* AirportCell.swift */ = {isa = PBXFileReference; lastKnownFileType = sourcecode.swift; path = AirportCell.swift; sourceTree = "<group>"; };
		9F0420D4974B85C675E32EF2 /* Pods_Zeus.framework */ = {isa = PBXFileReference; explicitFileType = wrapper.framework; includeInIndex = 0; path = Pods_Zeus.framework; sourceTree = BUILT_PRODUCTS_DIR; };
		B825D285035A4E1779D3562F /* Pods-Zeus.debug.xcconfig */ = {isa = PBXFileReference; includeInIndex = 1; lastKnownFileType = text.xcconfig; name = "Pods-Zeus.debug.xcconfig"; path = "Pods/Target Support Files/Pods-Zeus/Pods-Zeus.debug.xcconfig"; sourceTree = "<group>"; };
		C1C9AC96E08722DE5F164D39 /* Pods-Zeus.release.xcconfig */ = {isa = PBXFileReference; includeInIndex = 1; lastKnownFileType = text.xcconfig; name = "Pods-Zeus.release.xcconfig"; path = "Pods/Target Support Files/Pods-Zeus/Pods-Zeus.release.xcconfig"; sourceTree = "<group>"; };
/* End PBXFileReference section */

/* Begin PBXFrameworksBuildPhase section */
		6CAE8F4222F3FEA400A166C0 /* Frameworks */ = {
			isa = PBXFrameworksBuildPhase;
			buildActionMask = 2147483647;
			files = (
				8AFEA87E7268F50B08E20666 /* Pods_Zeus.framework in Frameworks */,
			);
			runOnlyForDeploymentPostprocessing = 0;
		};
/* End PBXFrameworksBuildPhase section */

/* Begin PBXGroup section */
		1336E3ECE91CB1848689A5A5 /* Pods */ = {
			isa = PBXGroup;
			children = (
				B825D285035A4E1779D3562F /* Pods-Zeus.debug.xcconfig */,
				C1C9AC96E08722DE5F164D39 /* Pods-Zeus.release.xcconfig */,
			);
			name = Pods;
			sourceTree = "<group>";
		};
		6CAE8F3C22F3FEA400A166C0 = {
			isa = PBXGroup;
			children = (
				6CAE8F4722F3FEA400A166C0 /* Zeus */,
				6CAE8F4622F3FEA400A166C0 /* Products */,
				1336E3ECE91CB1848689A5A5 /* Pods */,
				E3C8C981868E126D13315B3A /* Frameworks */,
			);
			sourceTree = "<group>";
		};
		6CAE8F4622F3FEA400A166C0 /* Products */ = {
			isa = PBXGroup;
			children = (
				6CAE8F4522F3FEA400A166C0 /* Zeus.app */,
			);
			name = Products;
			sourceTree = "<group>";
		};
		6CAE8F4722F3FEA400A166C0 /* Zeus */ = {
			isa = PBXGroup;
			children = (
				6CAE8F6222F3FF3100A166C0 /* Supporting Files */,
				6CAE8F6822F4050300A166C0 /* Extensions */,
				6CAE8F6F22F5102E00A166C0 /* View */,
				6CAE8F6122F3FF2800A166C0 /* Interactor */,
				6CAE8F7C22F53ADD00A166C0 /* Presenter */,
				6CAE8F6522F3FF7200A166C0 /* Model */,
				6CAE8F6022F3FF1D00A166C0 /* Controller */,
			);
			path = Zeus;
			sourceTree = "<group>";
		};
		6CAE8F6022F3FF1D00A166C0 /* Controller */ = {
			isa = PBXGroup;
			children = (
				6CAE8F5A22F3FEFC00A166C0 /* RootVC.swift */,
				6CAE8F5B22F3FEFC00A166C0 /* RootVC.xib */,
				6CAE8F7222F5230300A166C0 /* SearchFlightVC.swift */,
				6CAE8F7622F536AF00A166C0 /* FlightScheduleVC.swift */,
				6CAE8F9122F94A9700A166C0 /* MapVC.swift */,
			);
			path = Controller;
			sourceTree = "<group>";
		};
		6CAE8F6122F3FF2800A166C0 /* Interactor */ = {
			isa = PBXGroup;
			children = (
				6CAE8F5E22F3FF1500A166C0 /* TokenInteractor.swift */,
				6CAE8F6922F406C400A166C0 /* AirportInteractor.swift */,
				6CAE8F8322F7EC7F00A166C0 /* ScheduleInteractor.swift */,
			);
			path = Interactor;
			sourceTree = "<group>";
		};
		6CAE8F6222F3FF3100A166C0 /* Supporting Files */ = {
			isa = PBXGroup;
			children = (
				6CAE8F7F22F57DC200A166C0 /* Airports.json */,
				6CAE8F4822F3FEA400A166C0 /* AppDelegate.swift */,
				6CAE8F4F22F3FEA700A166C0 /* Assets.xcassets */,
				6CAE8F5122F3FEA700A166C0 /* LaunchScreen.storyboard */,
				6CAE8F5422F3FEA700A166C0 /* Info.plist */,
			);
			path = "Supporting Files";
			sourceTree = "<group>";
		};
		6CAE8F6522F3FF7200A166C0 /* Model */ = {
			isa = PBXGroup;
			children = (
				6CAE8F6622F404FF00A166C0 /* Endpoint.swift */,
				6CAE8F6322F3FF6C00A166C0 /* AccessToken.swift */,
				6CAE8F6B22F4082F00A166C0 /* AirportResource.swift */,
				6CAE8F8122F655FF00A166C0 /* LocalFileAirport.swift */,
				6CAE8F8522F7ECF500A166C0 /* ScheduleResource.swift */,
			);
			path = Model;
			sourceTree = "<group>";
		};
		6CAE8F6822F4050300A166C0 /* Extensions */ = {
			isa = PBXGroup;
			children = (
				6CAE8F7022F511C300A166C0 /* UIColor+Zeus.swift */,
			);
			path = Extensions;
			sourceTree = "<group>";
		};
		6CAE8F6F22F5102E00A166C0 /* View */ = {
			isa = PBXGroup;
			children = (
				6CAE8F6D22F5102500A166C0 /* MenuTableViewCell.swift */,
				6CAE8F8F22F90C8900A166C0 /* ErrorDialog.swift */,
				6CAE8F9F22FB60AD00A166C0 /* AirportCell.swift */,
			);
			path = View;
			sourceTree = "<group>";
		};
		6CAE8F7C22F53ADD00A166C0 /* Presenter */ = {
			isa = PBXGroup;
			children = (
				6CAE8F7A22F53AD500A166C0 /* SpinnerPresenter.swift */,
				6CAE8F8D22F90C5A00A166C0 /* ErrorPresenter.swift */,
			);
			path = Presenter;
			sourceTree = "<group>";
		};
		E3C8C981868E126D13315B3A /* Frameworks */ = {
			isa = PBXGroup;
			children = (
				9F0420D4974B85C675E32EF2 /* Pods_Zeus.framework */,
			);
			name = Frameworks;
			sourceTree = "<group>";
		};
/* End PBXGroup section */

/* Begin PBXNativeTarget section */
		6CAE8F4422F3FEA400A166C0 /* Zeus */ = {
			isa = PBXNativeTarget;
			buildConfigurationList = 6CAE8F5722F3FEA700A166C0 /* Build configuration list for PBXNativeTarget "Zeus" */;
			buildPhases = (
				5EAB636F750862215EBE215D /* [CP] Check Pods Manifest.lock */,
				6CAE8F4122F3FEA400A166C0 /* Sources */,
				6CAE8F4222F3FEA400A166C0 /* Frameworks */,
				6CAE8F4322F3FEA400A166C0 /* Resources */,
				216AD67702C9FC322AEDF72C /* [CP] Embed Pods Frameworks */,
			);
			buildRules = (
			);
			dependencies = (
			);
			name = Zeus;
			productName = Zeus;
			productReference = 6CAE8F4522F3FEA400A166C0 /* Zeus.app */;
			productType = "com.apple.product-type.application";
		};
/* End PBXNativeTarget section */

/* Begin PBXProject section */
		6CAE8F3D22F3FEA400A166C0 /* Project object */ = {
			isa = PBXProject;
			attributes = {
				LastSwiftUpdateCheck = 1020;
				LastUpgradeCheck = 1020;
				ORGANIZATIONNAME = "Lahari Ganti";
				TargetAttributes = {
					6CAE8F4422F3FEA400A166C0 = {
						CreatedOnToolsVersion = 10.2.1;
					};
				};
			};
			buildConfigurationList = 6CAE8F4022F3FEA400A166C0 /* Build configuration list for PBXProject "Zeus" */;
			compatibilityVersion = "Xcode 9.3";
			developmentRegion = en;
			hasScannedForEncodings = 0;
			knownRegions = (
				en,
				Base,
			);
			mainGroup = 6CAE8F3C22F3FEA400A166C0;
			productRefGroup = 6CAE8F4622F3FEA400A166C0 /* Products */;
			projectDirPath = "";
			projectRoot = "";
			targets = (
				6CAE8F4422F3FEA400A166C0 /* Zeus */,
			);
		};
/* End PBXProject section */

/* Begin PBXResourcesBuildPhase section */
		6CAE8F4322F3FEA400A166C0 /* Resources */ = {
			isa = PBXResourcesBuildPhase;
			buildActionMask = 2147483647;
			files = (
				6CAE8F5322F3FEA700A166C0 /* LaunchScreen.storyboard in Resources */,
				6CAE8F8022F57DC200A166C0 /* Airports.json in Resources */,
				6CAE8F5022F3FEA700A166C0 /* Assets.xcassets in Resources */,
				6CAE8F5D22F3FEFC00A166C0 /* RootVC.xib in Resources */,
			);
			runOnlyForDeploymentPostprocessing = 0;
		};
/* End PBXResourcesBuildPhase section */

/* Begin PBXShellScriptBuildPhase section */
		216AD67702C9FC322AEDF72C /* [CP] Embed Pods Frameworks */ = {
			isa = PBXShellScriptBuildPhase;
			buildActionMask = 2147483647;
			files = (
			);
			inputFileListPaths = (
			);
			inputPaths = (
				"${SRCROOT}/Pods/Target Support Files/Pods-Zeus/Pods-Zeus-frameworks.sh",
				"${BUILT_PRODUCTS_DIR}/Eureka/Eureka.framework",
				"${BUILT_PRODUCTS_DIR}/Keys/Keys.framework",
				"${BUILT_PRODUCTS_DIR}/SuggestionRow/SuggestionRow.framework",
			);
			name = "[CP] Embed Pods Frameworks";
			outputFileListPaths = (
			);
			outputPaths = (
				"${TARGET_BUILD_DIR}/${FRAMEWORKS_FOLDER_PATH}/Eureka.framework",
				"${TARGET_BUILD_DIR}/${FRAMEWORKS_FOLDER_PATH}/Keys.framework",
				"${TARGET_BUILD_DIR}/${FRAMEWORKS_FOLDER_PATH}/SuggestionRow.framework",
			);
			runOnlyForDeploymentPostprocessing = 0;
			shellPath = /bin/sh;
			shellScript = "\"${SRCROOT}/Pods/Target Support Files/Pods-Zeus/Pods-Zeus-frameworks.sh\"\n";
			showEnvVarsInLog = 0;
		};
		5EAB636F750862215EBE215D /* [CP] Check Pods Manifest.lock */ = {
			isa = PBXShellScriptBuildPhase;
			buildActionMask = 2147483647;
			files = (
			);
			inputFileListPaths = (
			);
			inputPaths = (
				"${PODS_PODFILE_DIR_PATH}/Podfile.lock",
				"${PODS_ROOT}/Manifest.lock",
			);
			name = "[CP] Check Pods Manifest.lock";
			outputFileListPaths = (
			);
			outputPaths = (
				"$(DERIVED_FILE_DIR)/Pods-Zeus-checkManifestLockResult.txt",
			);
			runOnlyForDeploymentPostprocessing = 0;
			shellPath = /bin/sh;
			shellScript = "diff \"${PODS_PODFILE_DIR_PATH}/Podfile.lock\" \"${PODS_ROOT}/Manifest.lock\" > /dev/null\nif [ $? != 0 ] ; then\n    # print error to STDERR\n    echo \"error: The sandbox is not in sync with the Podfile.lock. Run 'pod install' or update your CocoaPods installation.\" >&2\n    exit 1\nfi\n# This output is used by Xcode 'outputs' to avoid re-running this script phase.\necho \"SUCCESS\" > \"${SCRIPT_OUTPUT_FILE_0}\"\n";
			showEnvVarsInLog = 0;
		};
/* End PBXShellScriptBuildPhase section */

/* Begin PBXSourcesBuildPhase section */
		6CAE8F4122F3FEA400A166C0 /* Sources */ = {
			isa = PBXSourcesBuildPhase;
			buildActionMask = 2147483647;
			files = (
				6CAE8F7B22F53AD500A166C0 /* SpinnerPresenter.swift in Sources */,
				6CAE8F7422F5230300A166C0 /* SearchFlightVC.swift in Sources */,
				6CAE8F9022F90C8900A166C0 /* ErrorDialog.swift in Sources */,
				6CAE8F5F22F3FF1500A166C0 /* TokenInteractor.swift in Sources */,
				6CAE8F6722F404FF00A166C0 /* Endpoint.swift in Sources */,
				6CAE8F7822F536AF00A166C0 /* FlightScheduleVC.swift in Sources */,
				6CAE8F6E22F5102500A166C0 /* MenuTableViewCell.swift in Sources */,
				6CAE8F9322F94A9700A166C0 /* MapVC.swift in Sources */,
				6CAE8F5C22F3FEFC00A166C0 /* RootVC.swift in Sources */,
				6CAE8F6C22F4082F00A166C0 /* AirportResource.swift in Sources */,
				6CAE8F8622F7ECF500A166C0 /* ScheduleResource.swift in Sources */,
				6CAE8FA122FB60AD00A166C0 /* AirportCell.swift in Sources */,
				6CAE8F8E22F90C5A00A166C0 /* ErrorPresenter.swift in Sources */,
				6CAE8F4922F3FEA400A166C0 /* AppDelegate.swift in Sources */,
				6CAE8F8422F7EC7F00A166C0 /* ScheduleInteractor.swift in Sources */,
				6CAE8F8222F655FF00A166C0 /* LocalFileAirport.swift in Sources */,
				6CAE8F7122F511C300A166C0 /* UIColor+Zeus.swift in Sources */,
				6CAE8F6A22F406C400A166C0 /* AirportInteractor.swift in Sources */,
				6CAE8F6422F3FF6C00A166C0 /* AccessToken.swift in Sources */,
			);
			runOnlyForDeploymentPostprocessing = 0;
		};
/* End PBXSourcesBuildPhase section */

/* Begin PBXVariantGroup section */
		6CAE8F5122F3FEA700A166C0 /* LaunchScreen.storyboard */ = {
			isa = PBXVariantGroup;
			children = (
				6CAE8F5222F3FEA700A166C0 /* Base */,
			);
			name = LaunchScreen.storyboard;
			sourceTree = "<group>";
		};
/* End PBXVariantGroup section */

/* Begin XCBuildConfiguration section */
		6CAE8F5522F3FEA700A166C0 /* Debug */ = {
			isa = XCBuildConfiguration;
			buildSettings = {
				ALWAYS_SEARCH_USER_PATHS = NO;
				CLANG_ANALYZER_NONNULL = YES;
				CLANG_ANALYZER_NUMBER_OBJECT_CONVERSION = YES_AGGRESSIVE;
				CLANG_CXX_LANGUAGE_STANDARD = "gnu++14";
				CLANG_CXX_LIBRARY = "libc++";
				CLANG_ENABLE_MODULES = YES;
				CLANG_ENABLE_OBJC_ARC = YES;
				CLANG_ENABLE_OBJC_WEAK = YES;
				CLANG_WARN_BLOCK_CAPTURE_AUTORELEASING = YES;
				CLANG_WARN_BOOL_CONVERSION = YES;
				CLANG_WARN_COMMA = YES;
				CLANG_WARN_CONSTANT_CONVERSION = YES;
				CLANG_WARN_DEPRECATED_OBJC_IMPLEMENTATIONS = YES;
				CLANG_WARN_DIRECT_OBJC_ISA_USAGE = YES_ERROR;
				CLANG_WARN_DOCUMENTATION_COMMENTS = YES;
				CLANG_WARN_EMPTY_BODY = YES;
				CLANG_WARN_ENUM_CONVERSION = YES;
				CLANG_WARN_INFINITE_RECURSION = YES;
				CLANG_WARN_INT_CONVERSION = YES;
				CLANG_WARN_NON_LITERAL_NULL_CONVERSION = YES;
				CLANG_WARN_OBJC_IMPLICIT_RETAIN_SELF = YES;
				CLANG_WARN_OBJC_LITERAL_CONVERSION = YES;
				CLANG_WARN_OBJC_ROOT_CLASS = YES_ERROR;
				CLANG_WARN_RANGE_LOOP_ANALYSIS = YES;
				CLANG_WARN_STRICT_PROTOTYPES = YES;
				CLANG_WARN_SUSPICIOUS_MOVE = YES;
				CLANG_WARN_UNGUARDED_AVAILABILITY = YES_AGGRESSIVE;
				CLANG_WARN_UNREACHABLE_CODE = YES;
				CLANG_WARN__DUPLICATE_METHOD_MATCH = YES;
				CODE_SIGN_IDENTITY = "iPhone Developer";
				COPY_PHASE_STRIP = NO;
				DEBUG_INFORMATION_FORMAT = dwarf;
				ENABLE_STRICT_OBJC_MSGSEND = YES;
				ENABLE_TESTABILITY = YES;
				GCC_C_LANGUAGE_STANDARD = gnu11;
				GCC_DYNAMIC_NO_PIC = NO;
				GCC_NO_COMMON_BLOCKS = YES;
				GCC_OPTIMIZATION_LEVEL = 0;
				GCC_PREPROCESSOR_DEFINITIONS = (
					"DEBUG=1",
					"$(inherited)",
				);
				GCC_WARN_64_TO_32_BIT_CONVERSION = YES;
				GCC_WARN_ABOUT_RETURN_TYPE = YES_ERROR;
				GCC_WARN_UNDECLARED_SELECTOR = YES;
				GCC_WARN_UNINITIALIZED_AUTOS = YES_AGGRESSIVE;
				GCC_WARN_UNUSED_FUNCTION = YES;
				GCC_WARN_UNUSED_VARIABLE = YES;
				IPHONEOS_DEPLOYMENT_TARGET = 12.2;
				MTL_ENABLE_DEBUG_INFO = INCLUDE_SOURCE;
				MTL_FAST_MATH = YES;
				ONLY_ACTIVE_ARCH = YES;
				SDKROOT = iphoneos;
				SWIFT_ACTIVE_COMPILATION_CONDITIONS = DEBUG;
				SWIFT_OPTIMIZATION_LEVEL = "-Onone";
			};
			name = Debug;
		};
		6CAE8F5622F3FEA700A166C0 /* Release */ = {
			isa = XCBuildConfiguration;
			buildSettings = {
				ALWAYS_SEARCH_USER_PATHS = NO;
				CLANG_ANALYZER_NONNULL = YES;
				CLANG_ANALYZER_NUMBER_OBJECT_CONVERSION = YES_AGGRESSIVE;
				CLANG_CXX_LANGUAGE_STANDARD = "gnu++14";
				CLANG_CXX_LIBRARY = "libc++";
				CLANG_ENABLE_MODULES = YES;
				CLANG_ENABLE_OBJC_ARC = YES;
				CLANG_ENABLE_OBJC_WEAK = YES;
				CLANG_WARN_BLOCK_CAPTURE_AUTORELEASING = YES;
				CLANG_WARN_BOOL_CONVERSION = YES;
				CLANG_WARN_COMMA = YES;
				CLANG_WARN_CONSTANT_CONVERSION = YES;
				CLANG_WARN_DEPRECATED_OBJC_IMPLEMENTATIONS = YES;
				CLANG_WARN_DIRECT_OBJC_ISA_USAGE = YES_ERROR;
				CLANG_WARN_DOCUMENTATION_COMMENTS = YES;
				CLANG_WARN_EMPTY_BODY = YES;
				CLANG_WARN_ENUM_CONVERSION = YES;
				CLANG_WARN_INFINITE_RECURSION = YES;
				CLANG_WARN_INT_CONVERSION = YES;
				CLANG_WARN_NON_LITERAL_NULL_CONVERSION = YES;
				CLANG_WARN_OBJC_IMPLICIT_RETAIN_SELF = YES;
				CLANG_WARN_OBJC_LITERAL_CONVERSION = YES;
				CLANG_WARN_OBJC_ROOT_CLASS = YES_ERROR;
				CLANG_WARN_RANGE_LOOP_ANALYSIS = YES;
				CLANG_WARN_STRICT_PROTOTYPES = YES;
				CLANG_WARN_SUSPICIOUS_MOVE = YES;
				CLANG_WARN_UNGUARDED_AVAILABILITY = YES_AGGRESSIVE;
				CLANG_WARN_UNREACHABLE_CODE = YES;
				CLANG_WARN__DUPLICATE_METHOD_MATCH = YES;
				CODE_SIGN_IDENTITY = "iPhone Developer";
				COPY_PHASE_STRIP = NO;
				DEBUG_INFORMATION_FORMAT = "dwarf-with-dsym";
				ENABLE_NS_ASSERTIONS = NO;
				ENABLE_STRICT_OBJC_MSGSEND = YES;
				GCC_C_LANGUAGE_STANDARD = gnu11;
				GCC_NO_COMMON_BLOCKS = YES;
				GCC_WARN_64_TO_32_BIT_CONVERSION = YES;
				GCC_WARN_ABOUT_RETURN_TYPE = YES_ERROR;
				GCC_WARN_UNDECLARED_SELECTOR = YES;
				GCC_WARN_UNINITIALIZED_AUTOS = YES_AGGRESSIVE;
				GCC_WARN_UNUSED_FUNCTION = YES;
				GCC_WARN_UNUSED_VARIABLE = YES;
				IPHONEOS_DEPLOYMENT_TARGET = 12.2;
				MTL_ENABLE_DEBUG_INFO = NO;
				MTL_FAST_MATH = YES;
				SDKROOT = iphoneos;
				SWIFT_COMPILATION_MODE = wholemodule;
				SWIFT_OPTIMIZATION_LEVEL = "-O";
				VALIDATE_PRODUCT = YES;
			};
			name = Release;
		};
		6CAE8F5822F3FEA700A166C0 /* Debug */ = {
			isa = XCBuildConfiguration;
			baseConfigurationReference = B825D285035A4E1779D3562F /* Pods-Zeus.debug.xcconfig */;
			buildSettings = {
				ASSETCATALOG_COMPILER_APPICON_NAME = AppIcon;
				CODE_SIGN_STYLE = Automatic;
				DEVELOPMENT_TEAM = 7699K39ZR4;
				INFOPLIST_FILE = "$(SRCROOT)/Zeus/Supporting Files/Info.plist";
				LD_RUNPATH_SEARCH_PATHS = (
					"$(inherited)",
					"@executable_path/Frameworks",
				);
				PRODUCT_BUNDLE_IDENTIFIER = gmail.gplahari.Zeus;
				PRODUCT_NAME = "$(TARGET_NAME)";
				SWIFT_VERSION = 5.0;
				TARGETED_DEVICE_FAMILY = "1,2";
			};
			name = Debug;
		};
		6CAE8F5922F3FEA700A166C0 /* Release */ = {
			isa = XCBuildConfiguration;
			baseConfigurationReference = C1C9AC96E08722DE5F164D39 /* Pods-Zeus.release.xcconfig */;
			buildSettings = {
				ASSETCATALOG_COMPILER_APPICON_NAME = AppIcon;
				CODE_SIGN_STYLE = Automatic;
				DEVELOPMENT_TEAM = 7699K39ZR4;
				INFOPLIST_FILE = "$(SRCROOT)/Zeus/Supporting Files/Info.plist";
				LD_RUNPATH_SEARCH_PATHS = (
					"$(inherited)",
					"@executable_path/Frameworks",
				);
				PRODUCT_BUNDLE_IDENTIFIER = gmail.gplahari.Zeus;
				PRODUCT_NAME = "$(TARGET_NAME)";
				SWIFT_VERSION = 5.0;
				TARGETED_DEVICE_FAMILY = "1,2";
			};
			name = Release;
		};
/* End XCBuildConfiguration section */

/* Begin XCConfigurationList section */
		6CAE8F4022F3FEA400A166C0 /* Build configuration list for PBXProject "Zeus" */ = {
			isa = XCConfigurationList;
			buildConfigurations = (
				6CAE8F5522F3FEA700A166C0 /* Debug */,
				6CAE8F5622F3FEA700A166C0 /* Release */,
			);
			defaultConfigurationIsVisible = 0;
			defaultConfigurationName = Release;
		};
		6CAE8F5722F3FEA700A166C0 /* Build configuration list for PBXNativeTarget "Zeus" */ = {
			isa = XCConfigurationList;
			buildConfigurations = (
				6CAE8F5822F3FEA700A166C0 /* Debug */,
				6CAE8F5922F3FEA700A166C0 /* Release */,
			);
			defaultConfigurationIsVisible = 0;
			defaultConfigurationName = Release;
		};
/* End XCConfigurationList section */
	};
	rootObject = 6CAE8F3D22F3FEA400A166C0 /* Project object */;
}
